
Microsoft Visual Studio Solution File, Format Version 12.00
# Visual Studio Version 16
VisualStudioVersion = 16.0.31729.503
MinimumVisualStudioVersion = 10.0.40219.1
Project("{FAE04EC0-301F-11D3-BF4B-00C04F79EFBC}") = "POS_console", "POS_console.csproj", "{C1D5B397-CDD5-4F89-9F86-121E78D30A08}"
EndProject
Global
	GlobalSection(SolutionConfigurationPlatforms) = preSolution
		Debug|Any CPU = Debug|Any CPU
		Release|Any CPU = Release|Any CPU
	EndGlobalSection
	GlobalSection(ProjectConfigurationPlatforms) = postSolution
		{C1D5B397-CDD5-4F89-9F86-121E78D30A08}.Debug|Any CPU.ActiveCfg = Debug|Any CPU
		{C1D5B397-CDD5-4F89-9F86-121E78D30A08}.Debug|Any CPU.Build.0 = Debug|Any CPU
		{C1D5B397-CDD5-4F89-9F86-121E78D30A08}.Release|Any CPU.ActiveCfg = Release|Any CPU
		{C1D5B397-CDD5-4F89-9F86-121E78D30A08}.Release|Any CPU.Build.0 = Release|Any CPU
	EndGlobalSection
	GlobalSection(SolutionProperties) = preSolution
		HideSolutionNode = FALSE
	EndGlobalSection
	GlobalSection(ExtensibilityGlobals) = postSolution
		SolutionGuid = {A1DC5417-97F6-4DD7-9199-5E670B617261}
	EndGlobalSection
EndGlobal
